// !$*UTF8*$!
{
	archiveVersion = 1;
	classes = {
	};
	objectVersion = 46;
	objects = {

/* Begin PBXBuildFile section */
		F84206FC1DBD340200F5DE73 /* AppDelegate.swift in Sources */ = {isa = PBXBuildFile; fileRef = F84206FB1DBD340200F5DE73 /* AppDelegate.swift */; };
		F84206FE1DBD340200F5DE73 /* Assets.xcassets in Resources */ = {isa = PBXBuildFile; fileRef = F84206FD1DBD340200F5DE73 /* Assets.xcassets */; };
		F84207011DBD340200F5DE73 /* MainMenu.xib in Resources */ = {isa = PBXBuildFile; fileRef = F84206FF1DBD340200F5DE73 /* MainMenu.xib */; };
		F842070C1DBD340200F5DE73 /* Radio_SRF_PlayerTests.swift in Sources */ = {isa = PBXBuildFile; fileRef = F842070B1DBD340200F5DE73 /* Radio_SRF_PlayerTests.swift */; };
		F84207171DBD340200F5DE73 /* Radio_SRF_PlayerUITests.swift in Sources */ = {isa = PBXBuildFile; fileRef = F84207161DBD340200F5DE73 /* Radio_SRF_PlayerUITests.swift */; };
		F84207251DBD3B9A00F5DE73 /* StatusMenuController.swift in Sources */ = {isa = PBXBuildFile; fileRef = F84207241DBD3B9A00F5DE73 /* StatusMenuController.swift */; };
		F8C0C4361DBD4ACA0046870B /* AVFoundation.framework in Frameworks */ = {isa = PBXBuildFile; fileRef = F8C0C4351DBD4ACA0046870B /* AVFoundation.framework */; };
/* End PBXBuildFile section */

/* Begin PBXContainerItemProxy section */
		F84207081DBD340200F5DE73 /* PBXContainerItemProxy */ = {
			isa = PBXContainerItemProxy;
			containerPortal = F84206F01DBD340200F5DE73 /* Project object */;
			proxyType = 1;
			remoteGlobalIDString = F84206F71DBD340200F5DE73;
			remoteInfo = "Radio SRF Player";
		};
		F84207131DBD340200F5DE73 /* PBXContainerItemProxy */ = {
			isa = PBXContainerItemProxy;
			containerPortal = F84206F01DBD340200F5DE73 /* Project object */;
			proxyType = 1;
			remoteGlobalIDString = F84206F71DBD340200F5DE73;
			remoteInfo = "Radio SRF Player";
		};
/* End PBXContainerItemProxy section */

/* Begin PBXFileReference section */
		F84206F81DBD340200F5DE73 /* Radio SRF Player.app */ = {isa = PBXFileReference; explicitFileType = wrapper.application; includeInIndex = 0; path = "Radio SRF Player.app"; sourceTree = BUILT_PRODUCTS_DIR; };
		F84206FB1DBD340200F5DE73 /* AppDelegate.swift */ = {isa = PBXFileReference; lastKnownFileType = sourcecode.swift; path = AppDelegate.swift; sourceTree = "<group>"; };
		F84206FD1DBD340200F5DE73 /* Assets.xcassets */ = {isa = PBXFileReference; lastKnownFileType = folder.assetcatalog; path = Assets.xcassets; sourceTree = "<group>"; };
		F84207001DBD340200F5DE73 /* Base */ = {isa = PBXFileReference; lastKnownFileType = file.xib; name = Base; path = Base.lproj/MainMenu.xib; sourceTree = "<group>"; };
		F84207021DBD340200F5DE73 /* Info.plist */ = {isa = PBXFileReference; lastKnownFileType = text.plist.xml; path = Info.plist; sourceTree = "<group>"; };
		F84207071DBD340200F5DE73 /* Radio SRF PlayerTests.xctest */ = {isa = PBXFileReference; explicitFileType = wrapper.cfbundle; includeInIndex = 0; path = "Radio SRF PlayerTests.xctest"; sourceTree = BUILT_PRODUCTS_DIR; };
		F842070B1DBD340200F5DE73 /* Radio_SRF_PlayerTests.swift */ = {isa = PBXFileReference; lastKnownFileType = sourcecode.swift; path = Radio_SRF_PlayerTests.swift; sourceTree = "<group>"; };
		F842070D1DBD340200F5DE73 /* Info.plist */ = {isa = PBXFileReference; lastKnownFileType = text.plist.xml; path = Info.plist; sourceTree = "<group>"; };
		F84207121DBD340200F5DE73 /* Radio SRF PlayerUITests.xctest */ = {isa = PBXFileReference; explicitFileType = wrapper.cfbundle; includeInIndex = 0; path = "Radio SRF PlayerUITests.xctest"; sourceTree = BUILT_PRODUCTS_DIR; };
		F84207161DBD340200F5DE73 /* Radio_SRF_PlayerUITests.swift */ = {isa = PBXFileReference; lastKnownFileType = sourcecode.swift; path = Radio_SRF_PlayerUITests.swift; sourceTree = "<group>"; };
		F84207181DBD340200F5DE73 /* Info.plist */ = {isa = PBXFileReference; lastKnownFileType = text.plist.xml; path = Info.plist; sourceTree = "<group>"; };
		F84207241DBD3B9A00F5DE73 /* StatusMenuController.swift */ = {isa = PBXFileReference; fileEncoding = 4; lastKnownFileType = sourcecode.swift; path = StatusMenuController.swift; sourceTree = "<group>"; };
		F8C0C4351DBD4ACA0046870B /* AVFoundation.framework */ = {isa = PBXFileReference; lastKnownFileType = wrapper.framework; name = AVFoundation.framework; path = System/Library/Frameworks/AVFoundation.framework; sourceTree = SDKROOT; };
/* End PBXFileReference section */

/* Begin PBXFrameworksBuildPhase section */
		F84206F51DBD340200F5DE73 /* Frameworks */ = {
			isa = PBXFrameworksBuildPhase;
			buildActionMask = 2147483647;
			files = (
				F8C0C4361DBD4ACA0046870B /* AVFoundation.framework in Frameworks */,
			);
			runOnlyForDeploymentPostprocessing = 0;
		};
		F84207041DBD340200F5DE73 /* Frameworks */ = {
			isa = PBXFrameworksBuildPhase;
			buildActionMask = 2147483647;
			files = (
			);
			runOnlyForDeploymentPostprocessing = 0;
		};
		F842070F1DBD340200F5DE73 /* Frameworks */ = {
			isa = PBXFrameworksBuildPhase;
			buildActionMask = 2147483647;
			files = (
			);
			runOnlyForDeploymentPostprocessing = 0;
		};
/* End PBXFrameworksBuildPhase section */

/* Begin PBXGroup section */
		F84206EF1DBD340100F5DE73 = {
			isa = PBXGroup;
			children = (
				F84206FA1DBD340200F5DE73 /* Radio SRF Player */,
				F842070A1DBD340200F5DE73 /* Radio SRF PlayerTests */,
				F84207151DBD340200F5DE73 /* Radio SRF PlayerUITests */,
				F84206F91DBD340200F5DE73 /* Products */,
				F8C0C4341DBD4ACA0046870B /* Frameworks */,
			);
			sourceTree = "<group>";
		};
		F84206F91DBD340200F5DE73 /* Products */ = {
			isa = PBXGroup;
			children = (
				F84206F81DBD340200F5DE73 /* Radio SRF Player.app */,
				F84207071DBD340200F5DE73 /* Radio SRF PlayerTests.xctest */,
				F84207121DBD340200F5DE73 /* Radio SRF PlayerUITests.xctest */,
			);
			name = Products;
			sourceTree = "<group>";
		};
		F84206FA1DBD340200F5DE73 /* Radio SRF Player */ = {
			isa = PBXGroup;
			children = (
				F84206FB1DBD340200F5DE73 /* AppDelegate.swift */,
				F84207241DBD3B9A00F5DE73 /* StatusMenuController.swift */,
				F84206FD1DBD340200F5DE73 /* Assets.xcassets */,
				F84206FF1DBD340200F5DE73 /* MainMenu.xib */,
				F84207021DBD340200F5DE73 /* Info.plist */,
			);
			path = "Radio SRF Player";
			sourceTree = "<group>";
		};
		F842070A1DBD340200F5DE73 /* Radio SRF PlayerTests */ = {
			isa = PBXGroup;
			children = (
				F842070B1DBD340200F5DE73 /* Radio_SRF_PlayerTests.swift */,
				F842070D1DBD340200F5DE73 /* Info.plist */,
			);
			path = "Radio SRF PlayerTests";
			sourceTree = "<group>";
		};
		F84207151DBD340200F5DE73 /* Radio SRF PlayerUITests */ = {
			isa = PBXGroup;
			children = (
				F84207161DBD340200F5DE73 /* Radio_SRF_PlayerUITests.swift */,
				F84207181DBD340200F5DE73 /* Info.plist */,
			);
			path = "Radio SRF PlayerUITests";
			sourceTree = "<group>";
		};
		F8C0C4341DBD4ACA0046870B /* Frameworks */ = {
			isa = PBXGroup;
			children = (
				F8C0C4351DBD4ACA0046870B /* AVFoundation.framework */,
			);
			name = Frameworks;
			sourceTree = "<group>";
		};
/* End PBXGroup section */

/* Begin PBXNativeTarget section */
		F84206F71DBD340200F5DE73 /* Radio SRF Player */ = {
			isa = PBXNativeTarget;
			buildConfigurationList = F842071B1DBD340200F5DE73 /* Build configuration list for PBXNativeTarget "Radio SRF Player" */;
			buildPhases = (
				F84206F41DBD340200F5DE73 /* Sources */,
				F84206F51DBD340200F5DE73 /* Frameworks */,
				F84206F61DBD340200F5DE73 /* Resources */,
			);
			buildRules = (
			);
			dependencies = (
			);
			name = "Radio SRF Player";
			productName = "Radio SRF Player";
			productReference = F84206F81DBD340200F5DE73 /* Radio SRF Player.app */;
			productType = "com.apple.product-type.application";
		};
		F84207061DBD340200F5DE73 /* Radio SRF PlayerTests */ = {
			isa = PBXNativeTarget;
			buildConfigurationList = F842071E1DBD340200F5DE73 /* Build configuration list for PBXNativeTarget "Radio SRF PlayerTests" */;
			buildPhases = (
				F84207031DBD340200F5DE73 /* Sources */,
				F84207041DBD340200F5DE73 /* Frameworks */,
				F84207051DBD340200F5DE73 /* Resources */,
			);
			buildRules = (
			);
			dependencies = (
				F84207091DBD340200F5DE73 /* PBXTargetDependency */,
			);
			name = "Radio SRF PlayerTests";
			productName = "Radio SRF PlayerTests";
			productReference = F84207071DBD340200F5DE73 /* Radio SRF PlayerTests.xctest */;
			productType = "com.apple.product-type.bundle.unit-test";
		};
		F84207111DBD340200F5DE73 /* Radio SRF PlayerUITests */ = {
			isa = PBXNativeTarget;
			buildConfigurationList = F84207211DBD340200F5DE73 /* Build configuration list for PBXNativeTarget "Radio SRF PlayerUITests" */;
			buildPhases = (
				F842070E1DBD340200F5DE73 /* Sources */,
				F842070F1DBD340200F5DE73 /* Frameworks */,
				F84207101DBD340200F5DE73 /* Resources */,
			);
			buildRules = (
			);
			dependencies = (
				F84207141DBD340200F5DE73 /* PBXTargetDependency */,
			);
			name = "Radio SRF PlayerUITests";
			productName = "Radio SRF PlayerUITests";
			productReference = F84207121DBD340200F5DE73 /* Radio SRF PlayerUITests.xctest */;
			productType = "com.apple.product-type.bundle.ui-testing";
		};
/* End PBXNativeTarget section */

/* Begin PBXProject section */
		F84206F01DBD340200F5DE73 /* Project object */ = {
			isa = PBXProject;
			attributes = {
				LastSwiftUpdateCheck = 0800;
				LastUpgradeCheck = 1150;
				ORGANIZATIONNAME = "Stefan Zweifel";
				TargetAttributes = {
					F84206F71DBD340200F5DE73 = {
						CreatedOnToolsVersion = 8.0;
						LastSwiftMigration = 1150;
						ProvisioningStyle = Automatic;
					};
					F84207061DBD340200F5DE73 = {
						CreatedOnToolsVersion = 8.0;
						DevelopmentTeam = ER2BZ5WHC2;
						LastSwiftMigration = 1150;
						ProvisioningStyle = Automatic;
						TestTargetID = F84206F71DBD340200F5DE73;
					};
					F84207111DBD340200F5DE73 = {
						CreatedOnToolsVersion = 8.0;
						DevelopmentTeam = ER2BZ5WHC2;
						LastSwiftMigration = 1150;
						ProvisioningStyle = Automatic;
						TestTargetID = F84206F71DBD340200F5DE73;
					};
				};
			};
			buildConfigurationList = F84206F31DBD340200F5DE73 /* Build configuration list for PBXProject "Radio SRF Player" */;
			compatibilityVersion = "Xcode 3.2";
			developmentRegion = en;
			hasScannedForEncodings = 0;
			knownRegions = (
				en,
				Base,
			);
			mainGroup = F84206EF1DBD340100F5DE73;
			productRefGroup = F84206F91DBD340200F5DE73 /* Products */;
			projectDirPath = "";
			projectRoot = "";
			targets = (
				F84206F71DBD340200F5DE73 /* Radio SRF Player */,
				F84207061DBD340200F5DE73 /* Radio SRF PlayerTests */,
				F84207111DBD340200F5DE73 /* Radio SRF PlayerUITests */,
			);
		};
/* End PBXProject section */

/* Begin PBXResourcesBuildPhase section */
		F84206F61DBD340200F5DE73 /* Resources */ = {
			isa = PBXResourcesBuildPhase;
			buildActionMask = 2147483647;
			files = (
				F84206FE1DBD340200F5DE73 /* Assets.xcassets in Resources */,
				F84207011DBD340200F5DE73 /* MainMenu.xib in Resources */,
			);
			runOnlyForDeploymentPostprocessing = 0;
		};
		F84207051DBD340200F5DE73 /* Resources */ = {
			isa = PBXResourcesBuildPhase;
			buildActionMask = 2147483647;
			files = (
			);
			runOnlyForDeploymentPostprocessing = 0;
		};
		F84207101DBD340200F5DE73 /* Resources */ = {
			isa = PBXResourcesBuildPhase;
			buildActionMask = 2147483647;
			files = (
			);
			runOnlyForDeploymentPostprocessing = 0;
		};
/* End PBXResourcesBuildPhase section */

/* Begin PBXSourcesBuildPhase section */
		F84206F41DBD340200F5DE73 /* Sources */ = {
			isa = PBXSourcesBuildPhase;
			buildActionMask = 2147483647;
			files = (
				F84207251DBD3B9A00F5DE73 /* StatusMenuController.swift in Sources */,
				F84206FC1DBD340200F5DE73 /* AppDelegate.swift in Sources */,
			);
			runOnlyForDeploymentPostprocessing = 0;
		};
		F84207031DBD340200F5DE73 /* Sources */ = {
			isa = PBXSourcesBuildPhase;
			buildActionMask = 2147483647;
			files = (
				F842070C1DBD340200F5DE73 /* Radio_SRF_PlayerTests.swift in Sources */,
			);
			runOnlyForDeploymentPostprocessing = 0;
		};
		F842070E1DBD340200F5DE73 /* Sources */ = {
			isa = PBXSourcesBuildPhase;
			buildActionMask = 2147483647;
			files = (
				F84207171DBD340200F5DE73 /* Radio_SRF_PlayerUITests.swift in Sources */,
			);
			runOnlyForDeploymentPostprocessing = 0;
		};
/* End PBXSourcesBuildPhase section */

/* Begin PBXTargetDependency section */
		F84207091DBD340200F5DE73 /* PBXTargetDependency */ = {
			isa = PBXTargetDependency;
			target = F84206F71DBD340200F5DE73 /* Radio SRF Player */;
			targetProxy = F84207081DBD340200F5DE73 /* PBXContainerItemProxy */;
		};
		F84207141DBD340200F5DE73 /* PBXTargetDependency */ = {
			isa = PBXTargetDependency;
			target = F84206F71DBD340200F5DE73 /* Radio SRF Player */;
			targetProxy = F84207131DBD340200F5DE73 /* PBXContainerItemProxy */;
		};
/* End PBXTargetDependency section */

/* Begin PBXVariantGroup section */
		F84206FF1DBD340200F5DE73 /* MainMenu.xib */ = {
			isa = PBXVariantGroup;
			children = (
				F84207001DBD340200F5DE73 /* Base */,
			);
			name = MainMenu.xib;
			sourceTree = "<group>";
		};
/* End PBXVariantGroup section */

/* Begin XCBuildConfiguration section */
		F84207191DBD340200F5DE73 /* Debug */ = {
			isa = XCBuildConfiguration;
			buildSettings = {
				ALWAYS_SEARCH_USER_PATHS = NO;
				CLANG_ANALYZER_LOCALIZABILITY_NONLOCALIZED = YES;
				CLANG_ANALYZER_NONNULL = YES;
				CLANG_CXX_LANGUAGE_STANDARD = "gnu++0x";
				CLANG_CXX_LIBRARY = "libc++";
				CLANG_ENABLE_MODULES = YES;
				CLANG_ENABLE_OBJC_ARC = YES;
				CLANG_WARN_BLOCK_CAPTURE_AUTORELEASING = YES;
				CLANG_WARN_BOOL_CONVERSION = YES;
				CLANG_WARN_COMMA = YES;
				CLANG_WARN_CONSTANT_CONVERSION = YES;
				CLANG_WARN_DEPRECATED_OBJC_IMPLEMENTATIONS = YES;
				CLANG_WARN_DIRECT_OBJC_ISA_USAGE = YES_ERROR;
				CLANG_WARN_DOCUMENTATION_COMMENTS = YES;
				CLANG_WARN_EMPTY_BODY = YES;
				CLANG_WARN_ENUM_CONVERSION = YES;
				CLANG_WARN_INFINITE_RECURSION = YES;
				CLANG_WARN_INT_CONVERSION = YES;
				CLANG_WARN_NON_LITERAL_NULL_CONVERSION = YES;
				CLANG_WARN_OBJC_IMPLICIT_RETAIN_SELF = YES;
				CLANG_WARN_OBJC_LITERAL_CONVERSION = YES;
				CLANG_WARN_OBJC_ROOT_CLASS = YES_ERROR;
				CLANG_WARN_RANGE_LOOP_ANALYSIS = YES;
				CLANG_WARN_STRICT_PROTOTYPES = YES;
				CLANG_WARN_SUSPICIOUS_MOVE = YES;
				CLANG_WARN_SUSPICIOUS_MOVES = YES;
				CLANG_WARN_UNREACHABLE_CODE = YES;
				CLANG_WARN__DUPLICATE_METHOD_MATCH = YES;
				CODE_SIGN_IDENTITY = "-";
				COPY_PHASE_STRIP = NO;
				DEBUG_INFORMATION_FORMAT = dwarf;
				ENABLE_STRICT_OBJC_MSGSEND = YES;
				ENABLE_TESTABILITY = YES;
				GCC_C_LANGUAGE_STANDARD = gnu99;
				GCC_DYNAMIC_NO_PIC = NO;
				GCC_NO_COMMON_BLOCKS = YES;
				GCC_OPTIMIZATION_LEVEL = 0;
				GCC_PREPROCESSOR_DEFINITIONS = (
					"DEBUG=1",
					"$(inherited)",
				);
				GCC_WARN_64_TO_32_BIT_CONVERSION = YES;
				GCC_WARN_ABOUT_RETURN_TYPE = YES_ERROR;
				GCC_WARN_UNDECLARED_SELECTOR = YES;
				GCC_WARN_UNINITIALIZED_AUTOS = YES_AGGRESSIVE;
				GCC_WARN_UNUSED_FUNCTION = YES;
				GCC_WARN_UNUSED_VARIABLE = YES;
				MACOSX_DEPLOYMENT_TARGET = 10.15;
				MTL_ENABLE_DEBUG_INFO = YES;
				ONLY_ACTIVE_ARCH = YES;
				SDKROOT = macosx;
				SWIFT_ACTIVE_COMPILATION_CONDITIONS = DEBUG;
				SWIFT_OPTIMIZATION_LEVEL = "-Onone";
				SWIFT_SWIFT3_OBJC_INFERENCE = Default;
			};
			name = Debug;
		};
		F842071A1DBD340200F5DE73 /* Release */ = {
			isa = XCBuildConfiguration;
			buildSettings = {
				ALWAYS_SEARCH_USER_PATHS = NO;
				CLANG_ANALYZER_LOCALIZABILITY_NONLOCALIZED = YES;
				CLANG_ANALYZER_NONNULL = YES;
				CLANG_CXX_LANGUAGE_STANDARD = "gnu++0x";
				CLANG_CXX_LIBRARY = "libc++";
				CLANG_ENABLE_MODULES = YES;
				CLANG_ENABLE_OBJC_ARC = YES;
				CLANG_WARN_BLOCK_CAPTURE_AUTORELEASING = YES;
				CLANG_WARN_BOOL_CONVERSION = YES;
				CLANG_WARN_COMMA = YES;
				CLANG_WARN_CONSTANT_CONVERSION = YES;
				CLANG_WARN_DEPRECATED_OBJC_IMPLEMENTATIONS = YES;
				CLANG_WARN_DIRECT_OBJC_ISA_USAGE = YES_ERROR;
				CLANG_WARN_DOCUMENTATION_COMMENTS = YES;
				CLANG_WARN_EMPTY_BODY = YES;
				CLANG_WARN_ENUM_CONVERSION = YES;
				CLANG_WARN_INFINITE_RECURSION = YES;
				CLANG_WARN_INT_CONVERSION = YES;
				CLANG_WARN_NON_LITERAL_NULL_CONVERSION = YES;
				CLANG_WARN_OBJC_IMPLICIT_RETAIN_SELF = YES;
				CLANG_WARN_OBJC_LITERAL_CONVERSION = YES;
				CLANG_WARN_OBJC_ROOT_CLASS = YES_ERROR;
				CLANG_WARN_RANGE_LOOP_ANALYSIS = YES;
				CLANG_WARN_STRICT_PROTOTYPES = YES;
				CLANG_WARN_SUSPICIOUS_MOVE = YES;
				CLANG_WARN_SUSPICIOUS_MOVES = YES;
				CLANG_WARN_UNREACHABLE_CODE = YES;
				CLANG_WARN__DUPLICATE_METHOD_MATCH = YES;
				CODE_SIGN_IDENTITY = "-";
				COPY_PHASE_STRIP = NO;
				DEBUG_INFORMATION_FORMAT = "dwarf-with-dsym";
				ENABLE_NS_ASSERTIONS = NO;
				ENABLE_STRICT_OBJC_MSGSEND = YES;
				GCC_C_LANGUAGE_STANDARD = gnu99;
				GCC_NO_COMMON_BLOCKS = YES;
				GCC_WARN_64_TO_32_BIT_CONVERSION = YES;
				GCC_WARN_ABOUT_RETURN_TYPE = YES_ERROR;
				GCC_WARN_UNDECLARED_SELECTOR = YES;
				GCC_WARN_UNINITIALIZED_AUTOS = YES_AGGRESSIVE;
				GCC_WARN_UNUSED_FUNCTION = YES;
				GCC_WARN_UNUSED_VARIABLE = YES;
				MACOSX_DEPLOYMENT_TARGET = 10.15;
				MTL_ENABLE_DEBUG_INFO = NO;
				SDKROOT = macosx;
				SWIFT_OPTIMIZATION_LEVEL = "-Owholemodule";
				SWIFT_SWIFT3_OBJC_INFERENCE = Default;
			};
			name = Release;
		};
		F842071C1DBD340200F5DE73 /* Debug */ = {
			isa = XCBuildConfiguration;
			buildSettings = {
				ASSETCATALOG_COMPILER_APPICON_NAME = AppIcon;
				CODE_SIGN_IDENTITY = "-";
				COMBINE_HIDPI_IMAGES = YES;
				DEVELOPMENT_TEAM = "";
				INFOPLIST_FILE = "Radio SRF Player/Info.plist";
				LD_RUNPATH_SEARCH_PATHS = "$(inherited) @executable_path/../Frameworks";
				MACOSX_DEPLOYMENT_TARGET = 10.15;
				MARKETING_VERSION = 1.2;
				PRODUCT_BUNDLE_IDENTIFIER = "ch.stefanzweifel.Radio-SRF-Player";
				PRODUCT_NAME = "$(TARGET_NAME)";
				SWIFT_SWIFT3_OBJC_INFERENCE = Default;
				SWIFT_VERSION = 5.0;
			};
			name = Debug;
		};
		F842071D1DBD340200F5DE73 /* Release */ = {
			isa = XCBuildConfiguration;
			buildSettings = {
				ASSETCATALOG_COMPILER_APPICON_NAME = AppIcon;
				CODE_SIGN_IDENTITY = "-";
				COMBINE_HIDPI_IMAGES = YES;
				DEVELOPMENT_TEAM = "";
				INFOPLIST_FILE = "Radio SRF Player/Info.plist";
				LD_RUNPATH_SEARCH_PATHS = "$(inherited) @executable_path/../Frameworks";
				MACOSX_DEPLOYMENT_TARGET = 10.15;
				MARKETING_VERSION = 1.2;
				PRODUCT_BUNDLE_IDENTIFIER = "ch.stefanzweifel.Radio-SRF-Player";
				PRODUCT_NAME = "$(TARGET_NAME)";
				SWIFT_SWIFT3_OBJC_INFERENCE = Default;
				SWIFT_VERSION = 5.0;
			};
			name = Release;
		};
		F842071F1DBD340200F5DE73 /* Debug */ = {
			isa = XCBuildConfiguration;
			buildSettings = {
				ALWAYS_EMBED_SWIFT_STANDARD_LIBRARIES = YES;
				BUNDLE_LOADER = "$(TEST_HOST)";
				COMBINE_HIDPI_IMAGES = YES;
				DEVELOPMENT_TEAM = ER2BZ5WHC2;
				INFOPLIST_FILE = "Radio SRF PlayerTests/Info.plist";
				LD_RUNPATH_SEARCH_PATHS = "$(inherited) @executable_path/../Frameworks @loader_path/../Frameworks";
				PRODUCT_BUNDLE_IDENTIFIER = "ch.stefanzweifel.Radio-SRF-PlayerTests";
				PRODUCT_NAME = "$(TARGET_NAME)";
				SWIFT_SWIFT3_OBJC_INFERENCE = Default;
				SWIFT_VERSION = 5.0;
				TEST_HOST = "$(BUILT_PRODUCTS_DIR)/Radio SRF Player.app/Contents/MacOS/Radio SRF Player";
			};
			name = Debug;
		};
		F84207201DBD340200F5DE73 /* Release */ = {
			isa = XCBuildConfiguration;
			buildSettings = {
				ALWAYS_EMBED_SWIFT_STANDARD_LIBRARIES = YES;
				BUNDLE_LOADER = "$(TEST_HOST)";
				COMBINE_HIDPI_IMAGES = YES;
				DEVELOPMENT_TEAM = ER2BZ5WHC2;
				INFOPLIST_FILE = "Radio SRF PlayerTests/Info.plist";
				LD_RUNPATH_SEARCH_PATHS = "$(inherited) @executable_path/../Frameworks @loader_path/../Frameworks";
				PRODUCT_BUNDLE_IDENTIFIER = "ch.stefanzweifel.Radio-SRF-PlayerTests";
				PRODUCT_NAME = "$(TARGET_NAME)";
				SWIFT_SWIFT3_OBJC_INFERENCE = Default;
				SWIFT_VERSION = 5.0;
				TEST_HOST = "$(BUILT_PRODUCTS_DIR)/Radio SRF Player.app/Contents/MacOS/Radio SRF Player";
			};
			name = Release;
		};
		F84207221DBD340200F5DE73 /* Debug */ = {
			isa = XCBuildConfiguration;
			buildSettings = {
				ALWAYS_EMBED_SWIFT_STANDARD_LIBRARIES = YES;
				COMBINE_HIDPI_IMAGES = YES;
				DEVELOPMENT_TEAM = ER2BZ5WHC2;
				INFOPLIST_FILE = "Radio SRF PlayerUITests/Info.plist";
				LD_RUNPATH_SEARCH_PATHS = "$(inherited) @executable_path/../Frameworks @loader_path/../Frameworks";
				PRODUCT_BUNDLE_IDENTIFIER = "ch.stefanzweifel.Radio-SRF-PlayerUITests";
				PRODUCT_NAME = "$(TARGET_NAME)";
				SWIFT_SWIFT3_OBJC_INFERENCE = Default;
				SWIFT_VERSION = 5.0;
				TEST_TARGET_NAME = "Radio SRF Player";
			};
			name = Debug;
		};
		F84207231DBD340200F5DE73 /* Release */ = {
			isa = XCBuildConfiguration;
			buildSettings = {
				ALWAYS_EMBED_SWIFT_STANDARD_LIBRARIES = YES;
				COMBINE_HIDPI_IMAGES = YES;
				DEVELOPMENT_TEAM = ER2BZ5WHC2;
				INFOPLIST_FILE = "Radio SRF PlayerUITests/Info.plist";
				LD_RUNPATH_SEARCH_PATHS = "$(inherited) @executable_path/../Frameworks @loader_path/../Frameworks";
				PRODUCT_BUNDLE_IDENTIFIER = "ch.stefanzweifel.Radio-SRF-PlayerUITests";
				PRODUCT_NAME = "$(TARGET_NAME)";
				SWIFT_SWIFT3_OBJC_INFERENCE = Default;
				SWIFT_VERSION = 5.0;
				TEST_TARGET_NAME = "Radio SRF Player";
			};
			name = Release;
		};
/* End XCBuildConfiguration section */

/* Begin XCConfigurationList section */
		F84206F31DBD340200F5DE73 /* Build configuration list for PBXProject "Radio SRF Player" */ = {
			isa = XCConfigurationList;
			buildConfigurations = (
				F84207191DBD340200F5DE73 /* Debug */,
				F842071A1DBD340200F5DE73 /* Release */,
			);
			defaultConfigurationIsVisible = 0;
			defaultConfigurationName = Release;
		};
		F842071B1DBD340200F5DE73 /* Build configuration list for PBXNativeTarget "Radio SRF Player" */ = {
			isa = XCConfigurationList;
			buildConfigurations = (
				F842071C1DBD340200F5DE73 /* Debug */,
				F842071D1DBD340200F5DE73 /* Release */,
			);
			defaultConfigurationIsVisible = 0;
			defaultConfigurationName = Release;
		};
		F842071E1DBD340200F5DE73 /* Build configuration list for PBXNativeTarget "Radio SRF PlayerTests" */ = {
			isa = XCConfigurationList;
			buildConfigurations = (
				F842071F1DBD340200F5DE73 /* Debug */,
				F84207201DBD340200F5DE73 /* Release */,
			);
			defaultConfigurationIsVisible = 0;
			defaultConfigurationName = Release;
		};
		F84207211DBD340200F5DE73 /* Build configuration list for PBXNativeTarget "Radio SRF PlayerUITests" */ = {
			isa = XCConfigurationList;
			buildConfigurations = (
				F84207221DBD340200F5DE73 /* Debug */,
				F84207231DBD340200F5DE73 /* Release */,
			);
			defaultConfigurationIsVisible = 0;
			defaultConfigurationName = Release;
		};
/* End XCConfigurationList section */
	};
	rootObject = F84206F01DBD340200F5DE73 /* Project object */;
}
